
Microsoft Visual Studio Solution File, Format Version 12.00
# Visual Studio Version 16
VisualStudioVersion = 16.0.31005.135
MinimumVisualStudioVersion = 10.0.40219.1
Project("{FAE04EC0-301F-11D3-BF4B-00C04F79EFBC}") = "exercicioproposto4_01", "exercicioproposto4_01\exercicioproposto4_01.csproj", "{79321874-790B-4AC9-9CAE-FFEA04E98EDC}"
EndProject
Global
	GlobalSection(SolutionConfigurationPlatforms) = preSolution
		Debug|Any CPU = Debug|Any CPU
		Release|Any CPU = Release|Any CPU
	EndGlobalSection
	GlobalSection(ProjectConfigurationPlatforms) = postSolution
		{79321874-790B-4AC9-9CAE-FFEA04E98EDC}.Debug|Any CPU.ActiveCfg = Debug|Any CPU
		{79321874-790B-4AC9-9CAE-FFEA04E98EDC}.Debug|Any CPU.Build.0 = Debug|Any CPU
		{79321874-790B-4AC9-9CAE-FFEA04E98EDC}.Release|Any CPU.ActiveCfg = Release|Any CPU
		{79321874-790B-4AC9-9CAE-FFEA04E98EDC}.Release|Any CPU.Build.0 = Release|Any CPU
	EndGlobalSection
	GlobalSection(SolutionProperties) = preSolution
		HideSolutionNode = FALSE
	EndGlobalSection
	GlobalSection(ExtensibilityGlobals) = postSolution
		SolutionGuid = {A209B3E9-1C82-4A46-B4D4-7FDE4D127811}
	EndGlobalSection
EndGlobal
