
Microsoft Visual Studio Solution File, Format Version 12.00
# Visual Studio Version 16
VisualStudioVersion = 16.0.31005.135
MinimumVisualStudioVersion = 10.0.40219.1
Project("{FAE04EC0-301F-11D3-BF4B-00C04F79EFBC}") = "exercicioproposto3_01", "exercicioproposto3_01\exercicioproposto3_01.csproj", "{16411251-A14C-4F6A-BD90-9DEF6215C5D6}"
EndProject
Global
	GlobalSection(SolutionConfigurationPlatforms) = preSolution
		Debug|Any CPU = Debug|Any CPU
		Release|Any CPU = Release|Any CPU
	EndGlobalSection
	GlobalSection(ProjectConfigurationPlatforms) = postSolution
		{16411251-A14C-4F6A-BD90-9DEF6215C5D6}.Debug|Any CPU.ActiveCfg = Debug|Any CPU
		{16411251-A14C-4F6A-BD90-9DEF6215C5D6}.Debug|Any CPU.Build.0 = Debug|Any CPU
		{16411251-A14C-4F6A-BD90-9DEF6215C5D6}.Release|Any CPU.ActiveCfg = Release|Any CPU
		{16411251-A14C-4F6A-BD90-9DEF6215C5D6}.Release|Any CPU.Build.0 = Release|Any CPU
	EndGlobalSection
	GlobalSection(SolutionProperties) = preSolution
		HideSolutionNode = FALSE
	EndGlobalSection
	GlobalSection(ExtensibilityGlobals) = postSolution
		SolutionGuid = {1B05CF47-80F6-483E-A44B-F08CF6ED5790}
	EndGlobalSection
EndGlobal
